
Microsoft Visual Studio Solution File, Format Version 12.00
# Visual Studio Version 17
VisualStudioVersion = 17.8.34511.84
MinimumVisualStudioVersion = 10.0.40219.1
Project("{FAE04EC0-301F-11D3-BF4B-00C04F79EFBC}") = "ApiWebForm", "ApiWebForm\ApiWebForm.csproj", "{B30170F7-24F1-4300-8F07-5EDFB867E424}"
EndProject
Project("{9A19103F-16F7-4668-BE54-9A1E7A4F7556}") = "Domain", "Domain\Domain.csproj", "{A7128DA9-0EF4-4557-A016-7094245FA1B9}"
EndProject
Project("{9A19103F-16F7-4668-BE54-9A1E7A4F7556}") = "Infraestructure", "Infraestructure\Infraestructure.csproj", "{C36C05C1-9AA7-46C7-A5E3-2344AF5BECED}"
EndProject
Global
	GlobalSection(SolutionConfigurationPlatforms) = preSolution
		Debug|Any CPU = Debug|Any CPU
		Release|Any CPU = Release|Any CPU
	EndGlobalSection
	GlobalSection(ProjectConfigurationPlatforms) = postSolution
		{B30170F7-24F1-4300-8F07-5EDFB867E424}.Debug|Any CPU.ActiveCfg = Debug|Any CPU
		{B30170F7-24F1-4300-8F07-5EDFB867E424}.Debug|Any CPU.Build.0 = Debug|Any CPU
		{B30170F7-24F1-4300-8F07-5EDFB867E424}.Release|Any CPU.ActiveCfg = Release|Any CPU
		{B30170F7-24F1-4300-8F07-5EDFB867E424}.Release|Any CPU.Build.0 = Release|Any CPU
		{A7128DA9-0EF4-4557-A016-7094245FA1B9}.Debug|Any CPU.ActiveCfg = Debug|Any CPU
		{A7128DA9-0EF4-4557-A016-7094245FA1B9}.Debug|Any CPU.Build.0 = Debug|Any CPU
		{A7128DA9-0EF4-4557-A016-7094245FA1B9}.Release|Any CPU.ActiveCfg = Release|Any CPU
		{A7128DA9-0EF4-4557-A016-7094245FA1B9}.Release|Any CPU.Build.0 = Release|Any CPU
		{C36C05C1-9AA7-46C7-A5E3-2344AF5BECED}.Debug|Any CPU.ActiveCfg = Debug|Any CPU
		{C36C05C1-9AA7-46C7-A5E3-2344AF5BECED}.Debug|Any CPU.Build.0 = Debug|Any CPU
		{C36C05C1-9AA7-46C7-A5E3-2344AF5BECED}.Release|Any CPU.ActiveCfg = Release|Any CPU
		{C36C05C1-9AA7-46C7-A5E3-2344AF5BECED}.Release|Any CPU.Build.0 = Release|Any CPU
	EndGlobalSection
	GlobalSection(SolutionProperties) = preSolution
		HideSolutionNode = FALSE
	EndGlobalSection
	GlobalSection(ExtensibilityGlobals) = postSolution
		SolutionGuid = {40083CD5-3953-4BA6-BC88-908851EDB863}
	EndGlobalSection
EndGlobal
